{
  "nodes": {
    "attic": {
      "inputs": {
        "crane": "crane",
        "flake-compat": "flake-compat",
        "flake-utils": "flake-utils",
        "nixpkgs": "nixpkgs",
        "nixpkgs-stable": "nixpkgs-stable"
      },
      "locked": {
        "lastModified": 1698258239,
        "narHash": "sha256-qnhoYYIJ0L/P7H/f56lQUEvpzNlXh4sxuHpRERV+B44=",
        "owner": "zhaofengli",
        "repo": "attic",
        "rev": "e9918bc6be268da6fa97af6ced15193d8a0421c0",
        "type": "github"
      },
      "original": {
        "owner": "zhaofengli",
        "repo": "attic",
        "type": "github"
      }
    },
    "crane": {
      "inputs": {
        "flake-compat": [
          "attic",
          "flake-compat"
        ],
        "flake-utils": [
          "attic",
          "flake-utils"
        ],
        "nixpkgs": [
          "attic",
          "nixpkgs"
        ],
        "rust-overlay": "rust-overlay"
      },
      "locked": {
        "lastModified": 1677892403,
        "narHash": "sha256-/Wi0L1spSWLFj+UQxN3j0mPYMoc7ZoAujpUF/juFVII=",
        "owner": "ipetkov",
        "repo": "crane",
        "rev": "105e27adb70a9890986b6d543a67761cbc1964a2",
        "type": "github"
      },
      "original": {
        "owner": "ipetkov",
        "repo": "crane",
        "type": "github"
      }
    },
    "flake-compat": {
      "flake": false,
      "locked": {
        "lastModified": 1673956053,
        "narHash": "sha256-4gtG9iQuiKITOjNQQeQIpoIB6b16fm+504Ch3sNKLd8=",
        "owner": "edolstra",
        "repo": "flake-compat",
        "rev": "35bb57c0c8d8b62bbfd284272c928ceb64ddbde9",
        "type": "github"
      },
      "original": {
        "owner": "edolstra",
        "repo": "flake-compat",
        "type": "github"
      }
    },
    "flake-utils": {
      "locked": {
        "lastModified": 1667395993,
        "narHash": "sha256-nuEHfE/LcWyuSWnS8t12N1wc105Qtau+/OdUAjtQ0rA=",
        "owner": "numtide",
        "repo": "flake-utils",
        "rev": "5aed5285a952e0b949eb3ba02c12fa4fcfef535f",
        "type": "github"
      },
      "original": {
        "owner": "numtide",
        "repo": "flake-utils",
        "type": "github"
      }
    },
    "home-manager": {
      "inputs": {
        "nixpkgs": [
          "nixpkgs-stable"
        ]
      },
      "locked": {
        "lastModified": 1704980875,
        "narHash": "sha256-IPZmMjk5f4TBbEpzUFBc3OC1W6OwDNEXk2w/0uVXX1o=",
        "owner": "nix-community",
        "repo": "home-manager",
        "rev": "5f0ab0eedc6ede69beb8f45561ffefa54edc6e65",
        "type": "github"
      },
      "original": {
        "owner": "nix-community",
        "ref": "release-23.11",
        "repo": "home-manager",
        "type": "github"
      }
    },
    "i3quo": {
      "inputs": {
        "nixpkgs": [
          "nixpkgs-stable"
        ]
      },
      "locked": {
        "lastModified": 1693642865,
        "narHash": "sha256-07nQ/xzeLYh84neDBsoloTVNDD6iyRRyQQXI2X8Ocqw=",
        "ref": "refs/heads/main",
        "rev": "8917035830db41182a5c825d439057a4ebb812e0",
        "revCount": 79,
        "type": "git",
        "url": "https://codeberg.org/evenbrenden/i3quo"
      },
      "original": {
        "type": "git",
        "url": "https://codeberg.org/evenbrenden/i3quo"
      }
    },
    "musnix": {
      "inputs": {
        "nixpkgs": [
          "nixpkgs-stable"
        ]
      },
      "locked": {
        "lastModified": 1701068607,
        "narHash": "sha256-8fsRIbAZNJpqxHA8omi50yKzBDnD4mhLaegjLA87sSY=",
        "owner": "musnix",
        "repo": "musnix",
        "rev": "25cdc3040563fedacacddad0bc05d8f0e3a4a02f",
        "type": "github"
      },
      "original": {
        "owner": "musnix",
        "repo": "musnix",
        "type": "github"
      }
    },
    "nixpkgs": {
      "locked": {
        "lastModified": 1691853136,
        "narHash": "sha256-wTzDsRV4HN8A2Sl0SVQY0q8ILs90CD43Ha//7gNZE+E=",
        "owner": "NixOS",
        "repo": "nixpkgs",
        "rev": "f0451844bbdf545f696f029d1448de4906c7f753",
        "type": "github"
      },
      "original": {
        "owner": "NixOS",
        "ref": "nixpkgs-unstable",
        "repo": "nixpkgs",
        "type": "github"
      }
    },
    "nixpkgs-stable": {
      "locked": {
        "lastModified": 1685004253,
        "narHash": "sha256-AbVL1nN/TDicUQ5wXZ8xdLERxz/eJr7+o8lqkIOVuaE=",
        "owner": "NixOS",
        "repo": "nixpkgs",
        "rev": "3e01645c40b92d29f3ae76344a6d654986a91a91",
        "type": "github"
      },
      "original": {
        "owner": "NixOS",
        "ref": "nixos-23.05",
        "repo": "nixpkgs",
        "type": "github"
      }
    },
    "nixpkgs-stable_2": {
      "locked": {
        "lastModified": 1702233072,
        "narHash": "sha256-H5G2wgbim2Ku6G6w+NSaQaauv6B6DlPhY9fMvArKqRo=",
        "owner": "NixOS",
        "repo": "nixpkgs",
        "rev": "781e2a9797ecf0f146e81425c822dca69fe4a348",
        "type": "github"
      },
      "original": {
        "id": "nixpkgs",
        "ref": "nixos-23.11",
        "type": "indirect"
      }
    },
    "nixpkgs-stable_3": {
      "locked": {
        "lastModified": 1702777222,
        "narHash": "sha256-/SYmqgxTYzqZnQEfbOCHCN4GzqB9uAIsR9IWLzo0/8I=",
        "owner": "NixOS",
        "repo": "nixpkgs",
        "rev": "a19a71d1ee93226fd71984359552affbc1cd3dc3",
        "type": "github"
      },
      "original": {
        "owner": "NixOS",
        "ref": "release-23.05",
        "repo": "nixpkgs",
        "type": "github"
      }
    },
    "nixpkgs-unstable": {
      "locked": {
        "lastModified": 1707171055,
        "narHash": "sha256-7ZiKRdhrScsDfhDkGy8yJWAT6BfHqa8PYMX04roU03k=",
        "owner": "NixOS",
        "repo": "nixpkgs",
        "rev": "4b1aab22192b787355733c9495d47f4c66af084c",
        "type": "github"
      },
      "original": {
        "id": "nixpkgs",
        "ref": "nixpkgs-unstable",
        "type": "indirect"
      }
    },
    "nixpkgs_2": {
      "locked": {
        "lastModified": 1702539185,
        "narHash": "sha256-KnIRG5NMdLIpEkZTnN5zovNYc0hhXjAgv6pfd5Z4c7U=",
        "owner": "NixOS",
        "repo": "nixpkgs",
        "rev": "aa9d4729cbc99dabacb50e3994dcefb3ea0f7447",
        "type": "github"
      },
      "original": {
        "owner": "NixOS",
        "ref": "nixpkgs-unstable",
        "repo": "nixpkgs",
        "type": "github"
      }
    },
    "root": {
      "inputs": {
        "attic": "attic",
        "home-manager": "home-manager",
        "i3quo": "i3quo",
        "musnix": "musnix",
        "nixpkgs-stable": "nixpkgs-stable_2",
        "nixpkgs-unstable": "nixpkgs-unstable",
        "sops-nix": "sops-nix"
      }
    },
    "rust-overlay": {
      "inputs": {
        "flake-utils": [
          "attic",
          "crane",
          "flake-utils"
        ],
        "nixpkgs": [
          "attic",
          "crane",
          "nixpkgs"
        ]
      },
      "locked": {
        "lastModified": 1675391458,
        "narHash": "sha256-ukDKZw922BnK5ohL9LhwtaDAdCsJL7L6ScNEyF1lO9w=",
        "owner": "oxalica",
        "repo": "rust-overlay",
        "rev": "383a4acfd11d778d5c2efcf28376cbd845eeaedf",
        "type": "github"
      },
      "original": {
        "owner": "oxalica",
        "repo": "rust-overlay",
        "type": "github"
      }
    },
    "sops-nix": {
      "inputs": {
        "nixpkgs": "nixpkgs_2",
        "nixpkgs-stable": "nixpkgs-stable_3"
      },
      "locked": {
        "lastModified": 1702812162,
        "narHash": "sha256-18cKptpAAfkatdQgjO5SZXZsbc1IVPRoYx2AxaiooL4=",
        "owner": "Mic92",
        "repo": "sops-nix",
        "rev": "21f2b8f123a1601fef3cf6bbbdf5171257290a77",
        "type": "github"
      },
      "original": {
        "owner": "Mic92",
        "repo": "sops-nix",
        "type": "github"
      }
    }
  },
  "root": "root",
  "version": 7
}
